
Microsoft Visual Studio Solution File, Format Version 12.00
# Visual Studio Version 17
VisualStudioVersion = 17.1.32328.378
MinimumVisualStudioVersion = 10.0.40219.1
Project("{9A19103F-16F7-4668-BE54-9A1E7A4F7556}") = "CTW.MagicNumberApproach", "CTW.MagicNumberApproach\CTW.MagicNumberApproach.csproj", "{238137E5-59A6-4763-A378-E5B5329BE7B0}"
EndProject
Project("{9A19103F-16F7-4668-BE54-9A1E7A4F7556}") = "CTW.Enums", "CTW.Enums\CTW.Enums.csproj", "{0463A4B0-0A74-4F72-B1EB-FEF37B6CD1A0}"
EndProject
Project("{9A19103F-16F7-4668-BE54-9A1E7A4F7556}") = "CTW.EnumObjectPattern", "CTW.EnumObjectPattern\CTW.EnumObjectPattern.csproj", "{19787475-A73A-46C7-9AE4-B23CD935911D}"
EndProject
Global
	GlobalSection(SolutionConfigurationPlatforms) = preSolution
		Debug|Any CPU = Debug|Any CPU
		Release|Any CPU = Release|Any CPU
	EndGlobalSection
	GlobalSection(ProjectConfigurationPlatforms) = postSolution
		{238137E5-59A6-4763-A378-E5B5329BE7B0}.Debug|Any CPU.ActiveCfg = Debug|Any CPU
		{238137E5-59A6-4763-A378-E5B5329BE7B0}.Debug|Any CPU.Build.0 = Debug|Any CPU
		{238137E5-59A6-4763-A378-E5B5329BE7B0}.Release|Any CPU.ActiveCfg = Release|Any CPU
		{238137E5-59A6-4763-A378-E5B5329BE7B0}.Release|Any CPU.Build.0 = Release|Any CPU
		{0463A4B0-0A74-4F72-B1EB-FEF37B6CD1A0}.Debug|Any CPU.ActiveCfg = Debug|Any CPU
		{0463A4B0-0A74-4F72-B1EB-FEF37B6CD1A0}.Debug|Any CPU.Build.0 = Debug|Any CPU
		{0463A4B0-0A74-4F72-B1EB-FEF37B6CD1A0}.Release|Any CPU.ActiveCfg = Release|Any CPU
		{0463A4B0-0A74-4F72-B1EB-FEF37B6CD1A0}.Release|Any CPU.Build.0 = Release|Any CPU
		{19787475-A73A-46C7-9AE4-B23CD935911D}.Debug|Any CPU.ActiveCfg = Debug|Any CPU
		{19787475-A73A-46C7-9AE4-B23CD935911D}.Debug|Any CPU.Build.0 = Debug|Any CPU
		{19787475-A73A-46C7-9AE4-B23CD935911D}.Release|Any CPU.ActiveCfg = Release|Any CPU
		{19787475-A73A-46C7-9AE4-B23CD935911D}.Release|Any CPU.Build.0 = Release|Any CPU
	EndGlobalSection
	GlobalSection(SolutionProperties) = preSolution
		HideSolutionNode = FALSE
	EndGlobalSection
	GlobalSection(ExtensibilityGlobals) = postSolution
		SolutionGuid = {B81BF11F-2ECA-4C0F-934A-FE071766C015}
	EndGlobalSection
EndGlobal
